
Microsoft Visual Studio Solution File, Format Version 11.00
# Visual Studio 2010
Project("{FAE04EC0-301F-11D3-BF4B-00C04F79EFBC}") = "SPUGDemo", "SPUGDemo.csproj", "{F66387FD-B162-4A5C-B506-6BE22C3912EF}"
	ProjectSection(ProjectDependencies) = postProject
		{4DD8F960-4F7D-4FC8-822A-EA6DBB135634} = {4DD8F960-4F7D-4FC8-822A-EA6DBB135634}
		{4DD8F960-4F7D-4FC8-822A-EA6DBB135634} = {4DD8F960-4F7D-4FC8-822A-EA6DBB135634}
		{4DD8F960-4F7D-4FC8-822A-EA6DBB135634} = {4DD8F960-4F7D-4FC8-822A-EA6DBB135634}
	EndProjectSection
EndProject
Project("{FAE04EC0-301F-11D3-BF4B-00C04F79EFBC}") = "SilverlightCSOM", "..\SilverlightCSOM\SilverlightCSOM.csproj", "{4DD8F960-4F7D-4FC8-822A-EA6DBB135634}"
EndProject
Global
	GlobalSection(SolutionConfigurationPlatforms) = preSolution
		Debug|Any CPU = Debug|Any CPU
		Release|Any CPU = Release|Any CPU
	EndGlobalSection
	GlobalSection(ProjectConfigurationPlatforms) = postSolution
		{F66387FD-B162-4A5C-B506-6BE22C3912EF}.Debug|Any CPU.ActiveCfg = Debug|Any CPU
		{F66387FD-B162-4A5C-B506-6BE22C3912EF}.Debug|Any CPU.Build.0 = Debug|Any CPU
		{F66387FD-B162-4A5C-B506-6BE22C3912EF}.Debug|Any CPU.Deploy.0 = Debug|Any CPU
		{F66387FD-B162-4A5C-B506-6BE22C3912EF}.Release|Any CPU.ActiveCfg = Release|Any CPU
		{F66387FD-B162-4A5C-B506-6BE22C3912EF}.Release|Any CPU.Build.0 = Release|Any CPU
		{F66387FD-B162-4A5C-B506-6BE22C3912EF}.Release|Any CPU.Deploy.0 = Release|Any CPU
		{4DD8F960-4F7D-4FC8-822A-EA6DBB135634}.Debug|Any CPU.ActiveCfg = Debug|Any CPU
		{4DD8F960-4F7D-4FC8-822A-EA6DBB135634}.Debug|Any CPU.Build.0 = Debug|Any CPU
		{4DD8F960-4F7D-4FC8-822A-EA6DBB135634}.Release|Any CPU.ActiveCfg = Release|Any CPU
		{4DD8F960-4F7D-4FC8-822A-EA6DBB135634}.Release|Any CPU.Build.0 = Release|Any CPU
	EndGlobalSection
	GlobalSection(SolutionProperties) = preSolution
		HideSolutionNode = FALSE
	EndGlobalSection
EndGlobal
